// !$*UTF8*$!
{
	archiveVersion = 1;
	classes = {
	};
	objectVersion = 50;
	objects = {

/* Begin PBXBuildFile section */
		396D3D8B25217E5E00815D45 /* Constant.swift in Sources */ = {isa = PBXBuildFile; fileRef = 396D3D8A25217E5E00815D45 /* Constant.swift */; };
		396D3D8E2521884100815D45 /* Video.swift in Sources */ = {isa = PBXBuildFile; fileRef = 396D3D8D2521884100815D45 /* Video.swift */; };
		396D3D9125218BD400815D45 /* Model.swift in Sources */ = {isa = PBXBuildFile; fileRef = 396D3D9025218BD400815D45 /* Model.swift */; };
		396D3D94252246B200815D45 /* Response.swift in Sources */ = {isa = PBXBuildFile; fileRef = 396D3D93252246B200815D45 /* Response.swift */; };
		39CAF80425214FBE00290F19 /* AppDelegate.swift in Sources */ = {isa = PBXBuildFile; fileRef = 39CAF80325214FBE00290F19 /* AppDelegate.swift */; };
		39CAF80625214FBE00290F19 /* SceneDelegate.swift in Sources */ = {isa = PBXBuildFile; fileRef = 39CAF80525214FBE00290F19 /* SceneDelegate.swift */; };
		39CAF80825214FBE00290F19 /* ViewController.swift in Sources */ = {isa = PBXBuildFile; fileRef = 39CAF80725214FBE00290F19 /* ViewController.swift */; };
		39CAF80B25214FBE00290F19 /* Main.storyboard in Resources */ = {isa = PBXBuildFile; fileRef = 39CAF80925214FBE00290F19 /* Main.storyboard */; };
		39CAF80D25214FC000290F19 /* Assets.xcassets in Resources */ = {isa = PBXBuildFile; fileRef = 39CAF80C25214FC000290F19 /* Assets.xcassets */; };
		39CAF81025214FC000290F19 /* LaunchScreen.storyboard in Resources */ = {isa = PBXBuildFile; fileRef = 39CAF80E25214FC000290F19 /* LaunchScreen.storyboard */; };
/* End PBXBuildFile section */

/* Begin PBXFileReference section */
		396D3D8A25217E5E00815D45 /* Constant.swift */ = {isa = PBXFileReference; lastKnownFileType = sourcecode.swift; path = Constant.swift; sourceTree = "<group>"; };
		396D3D8D2521884100815D45 /* Video.swift */ = {isa = PBXFileReference; lastKnownFileType = sourcecode.swift; path = Video.swift; sourceTree = "<group>"; };
		396D3D9025218BD400815D45 /* Model.swift */ = {isa = PBXFileReference; lastKnownFileType = sourcecode.swift; path = Model.swift; sourceTree = "<group>"; };
		396D3D93252246B200815D45 /* Response.swift */ = {isa = PBXFileReference; lastKnownFileType = sourcecode.swift; path = Response.swift; sourceTree = "<group>"; };
		39CAF80025214FBE00290F19 /* YoutubeApplication.app */ = {isa = PBXFileReference; explicitFileType = wrapper.application; includeInIndex = 0; path = YoutubeApplication.app; sourceTree = BUILT_PRODUCTS_DIR; };
		39CAF80325214FBE00290F19 /* AppDelegate.swift */ = {isa = PBXFileReference; lastKnownFileType = sourcecode.swift; path = AppDelegate.swift; sourceTree = "<group>"; };
		39CAF80525214FBE00290F19 /* SceneDelegate.swift */ = {isa = PBXFileReference; lastKnownFileType = sourcecode.swift; path = SceneDelegate.swift; sourceTree = "<group>"; };
		39CAF80725214FBE00290F19 /* ViewController.swift */ = {isa = PBXFileReference; lastKnownFileType = sourcecode.swift; path = ViewController.swift; sourceTree = "<group>"; };
		39CAF80A25214FBE00290F19 /* Base */ = {isa = PBXFileReference; lastKnownFileType = file.storyboard; name = Base; path = Base.lproj/Main.storyboard; sourceTree = "<group>"; };
		39CAF80C25214FC000290F19 /* Assets.xcassets */ = {isa = PBXFileReference; lastKnownFileType = folder.assetcatalog; path = Assets.xcassets; sourceTree = "<group>"; };
		39CAF80F25214FC000290F19 /* Base */ = {isa = PBXFileReference; lastKnownFileType = file.storyboard; name = Base; path = Base.lproj/LaunchScreen.storyboard; sourceTree = "<group>"; };
		39CAF81125214FC000290F19 /* Info.plist */ = {isa = PBXFileReference; lastKnownFileType = text.plist.xml; path = Info.plist; sourceTree = "<group>"; };
/* End PBXFileReference section */

/* Begin PBXFrameworksBuildPhase section */
		39CAF7FD25214FBE00290F19 /* Frameworks */ = {
			isa = PBXFrameworksBuildPhase;
			buildActionMask = 2147483647;
			files = (
			);
			runOnlyForDeploymentPostprocessing = 0;
		};
/* End PBXFrameworksBuildPhase section */

/* Begin PBXGroup section */
		39CAF7F725214FBE00290F19 = {
			isa = PBXGroup;
			children = (
				39CAF80225214FBE00290F19 /* YoutubeApplication */,
				39CAF80125214FBE00290F19 /* Products */,
			);
			sourceTree = "<group>";
		};
		39CAF80125214FBE00290F19 /* Products */ = {
			isa = PBXGroup;
			children = (
				39CAF80025214FBE00290F19 /* YoutubeApplication.app */,
			);
			name = Products;
			sourceTree = "<group>";
		};
		39CAF80225214FBE00290F19 /* YoutubeApplication */ = {
			isa = PBXGroup;
			children = (
				39CAF80325214FBE00290F19 /* AppDelegate.swift */,
				396D3D8A25217E5E00815D45 /* Constant.swift */,
				396D3D8D2521884100815D45 /* Video.swift */,
				396D3D93252246B200815D45 /* Response.swift */,
				396D3D9025218BD400815D45 /* Model.swift */,
				39CAF80525214FBE00290F19 /* SceneDelegate.swift */,
				39CAF80725214FBE00290F19 /* ViewController.swift */,
				39CAF80925214FBE00290F19 /* Main.storyboard */,
				39CAF80C25214FC000290F19 /* Assets.xcassets */,
				39CAF80E25214FC000290F19 /* LaunchScreen.storyboard */,
				39CAF81125214FC000290F19 /* Info.plist */,
			);
			path = YoutubeApplication;
			sourceTree = "<group>";
		};
/* End PBXGroup section */

/* Begin PBXNativeTarget section */
		39CAF7FF25214FBE00290F19 /* YoutubeApplication */ = {
			isa = PBXNativeTarget;
			buildConfigurationList = 39CAF81425214FC000290F19 /* Build configuration list for PBXNativeTarget "YoutubeApplication" */;
			buildPhases = (
				39CAF7FC25214FBE00290F19 /* Sources */,
				39CAF7FD25214FBE00290F19 /* Frameworks */,
				39CAF7FE25214FBE00290F19 /* Resources */,
			);
			buildRules = (
			);
			dependencies = (
			);
			name = YoutubeApplication;
			productName = YoutubeApplication;
			productReference = 39CAF80025214FBE00290F19 /* YoutubeApplication.app */;
			productType = "com.apple.product-type.application";
		};
/* End PBXNativeTarget section */

/* Begin PBXProject section */
		39CAF7F825214FBE00290F19 /* Project object */ = {
			isa = PBXProject;
			attributes = {
				LastSwiftUpdateCheck = 1200;
				LastUpgradeCheck = 1200;
				TargetAttributes = {
					39CAF7FF25214FBE00290F19 = {
						CreatedOnToolsVersion = 12.0;
					};
				};
			};
			buildConfigurationList = 39CAF7FB25214FBE00290F19 /* Build configuration list for PBXProject "YoutubeApplication" */;
			compatibilityVersion = "Xcode 9.3";
			developmentRegion = en;
			hasScannedForEncodings = 0;
			knownRegions = (
				en,
				Base,
			);
			mainGroup = 39CAF7F725214FBE00290F19;
			productRefGroup = 39CAF80125214FBE00290F19 /* Products */;
			projectDirPath = "";
			projectRoot = "";
			targets = (
				39CAF7FF25214FBE00290F19 /* YoutubeApplication */,
			);
		};
/* End PBXProject section */

/* Begin PBXResourcesBuildPhase section */
		39CAF7FE25214FBE00290F19 /* Resources */ = {
			isa = PBXResourcesBuildPhase;
			buildActionMask = 2147483647;
			files = (
				39CAF81025214FC000290F19 /* LaunchScreen.storyboard in Resources */,
				39CAF80D25214FC000290F19 /* Assets.xcassets in Resources */,
				39CAF80B25214FBE00290F19 /* Main.storyboard in Resources */,
			);
			runOnlyForDeploymentPostprocessing = 0;
		};
/* End PBXResourcesBuildPhase section */

/* Begin PBXSourcesBuildPhase section */
		39CAF7FC25214FBE00290F19 /* Sources */ = {
			isa = PBXSourcesBuildPhase;
			buildActionMask = 2147483647;
			files = (
				39CAF80825214FBE00290F19 /* ViewController.swift in Sources */,
				39CAF80425214FBE00290F19 /* AppDelegate.swift in Sources */,
				39CAF80625214FBE00290F19 /* SceneDelegate.swift in Sources */,
				396D3D9125218BD400815D45 /* Model.swift in Sources */,
				396D3D8B25217E5E00815D45 /* Constant.swift in Sources */,
				396D3D8E2521884100815D45 /* Video.swift in Sources */,
				396D3D94252246B200815D45 /* Response.swift in Sources */,
			);
			runOnlyForDeploymentPostprocessing = 0;
		};
/* End PBXSourcesBuildPhase section */

/* Begin PBXVariantGroup section */
		39CAF80925214FBE00290F19 /* Main.storyboard */ = {
			isa = PBXVariantGroup;
			children = (
				39CAF80A25214FBE00290F19 /* Base */,
			);
			name = Main.storyboard;
			sourceTree = "<group>";
		};
		39CAF80E25214FC000290F19 /* LaunchScreen.storyboard */ = {
			isa = PBXVariantGroup;
			children = (
				39CAF80F25214FC000290F19 /* Base */,
			);
			name = LaunchScreen.storyboard;
			sourceTree = "<group>";
		};
/* End PBXVariantGroup section */

/* Begin XCBuildConfiguration section */
		39CAF81225214FC000290F19 /* Debug */ = {
			isa = XCBuildConfiguration;
			buildSettings = {
				ALWAYS_SEARCH_USER_PATHS = NO;
				CLANG_ANALYZER_NONNULL = YES;
				CLANG_ANALYZER_NUMBER_OBJECT_CONVERSION = YES_AGGRESSIVE;
				CLANG_CXX_LANGUAGE_STANDARD = "gnu++14";
				CLANG_CXX_LIBRARY = "libc++";
				CLANG_ENABLE_MODULES = YES;
				CLANG_ENABLE_OBJC_ARC = YES;
				CLANG_ENABLE_OBJC_WEAK = YES;
				CLANG_WARN_BLOCK_CAPTURE_AUTORELEASING = YES;
				CLANG_WARN_BOOL_CONVERSION = YES;
				CLANG_WARN_COMMA = YES;
				CLANG_WARN_CONSTANT_CONVERSION = YES;
				CLANG_WARN_DEPRECATED_OBJC_IMPLEMENTATIONS = YES;
				CLANG_WARN_DIRECT_OBJC_ISA_USAGE = YES_ERROR;
				CLANG_WARN_DOCUMENTATION_COMMENTS = YES;
				CLANG_WARN_EMPTY_BODY = YES;
				CLANG_WARN_ENUM_CONVERSION = YES;
				CLANG_WARN_INFINITE_RECURSION = YES;
				CLANG_WARN_INT_CONVERSION = YES;
				CLANG_WARN_NON_LITERAL_NULL_CONVERSION = YES;
				CLANG_WARN_OBJC_IMPLICIT_RETAIN_SELF = YES;
				CLANG_WARN_OBJC_LITERAL_CONVERSION = YES;
				CLANG_WARN_OBJC_ROOT_CLASS = YES_ERROR;
				CLANG_WARN_QUOTED_INCLUDE_IN_FRAMEWORK_HEADER = YES;
				CLANG_WARN_RANGE_LOOP_ANALYSIS = YES;
				CLANG_WARN_STRICT_PROTOTYPES = YES;
				CLANG_WARN_SUSPICIOUS_MOVE = YES;
				CLANG_WARN_UNGUARDED_AVAILABILITY = YES_AGGRESSIVE;
				CLANG_WARN_UNREACHABLE_CODE = YES;
				CLANG_WARN__DUPLICATE_METHOD_MATCH = YES;
				COPY_PHASE_STRIP = NO;
				DEBUG_INFORMATION_FORMAT = dwarf;
				ENABLE_STRICT_OBJC_MSGSEND = YES;
				ENABLE_TESTABILITY = YES;
				GCC_C_LANGUAGE_STANDARD = gnu11;
				GCC_DYNAMIC_NO_PIC = NO;
				GCC_NO_COMMON_BLOCKS = YES;
				GCC_OPTIMIZATION_LEVEL = 0;
				GCC_PREPROCESSOR_DEFINITIONS = (
					"DEBUG=1",
					"$(inherited)",
				);
				GCC_WARN_64_TO_32_BIT_CONVERSION = YES;
				GCC_WARN_ABOUT_RETURN_TYPE = YES_ERROR;
				GCC_WARN_UNDECLARED_SELECTOR = YES;
				GCC_WARN_UNINITIALIZED_AUTOS = YES_AGGRESSIVE;
				GCC_WARN_UNUSED_FUNCTION = YES;
				GCC_WARN_UNUSED_VARIABLE = YES;
				IPHONEOS_DEPLOYMENT_TARGET = 14.0;
				MTL_ENABLE_DEBUG_INFO = INCLUDE_SOURCE;
				MTL_FAST_MATH = YES;
				ONLY_ACTIVE_ARCH = YES;
				SDKROOT = iphoneos;
				SWIFT_ACTIVE_COMPILATION_CONDITIONS = DEBUG;
				SWIFT_OPTIMIZATION_LEVEL = "-Onone";
			};
			name = Debug;
		};
		39CAF81325214FC000290F19 /* Release */ = {
			isa = XCBuildConfiguration;
			buildSettings = {
				ALWAYS_SEARCH_USER_PATHS = NO;
				CLANG_ANALYZER_NONNULL = YES;
				CLANG_ANALYZER_NUMBER_OBJECT_CONVERSION = YES_AGGRESSIVE;
				CLANG_CXX_LANGUAGE_STANDARD = "gnu++14";
				CLANG_CXX_LIBRARY = "libc++";
				CLANG_ENABLE_MODULES = YES;
				CLANG_ENABLE_OBJC_ARC = YES;
				CLANG_ENABLE_OBJC_WEAK = YES;
				CLANG_WARN_BLOCK_CAPTURE_AUTORELEASING = YES;
				CLANG_WARN_BOOL_CONVERSION = YES;
				CLANG_WARN_COMMA = YES;
				CLANG_WARN_CONSTANT_CONVERSION = YES;
				CLANG_WARN_DEPRECATED_OBJC_IMPLEMENTATIONS = YES;
				CLANG_WARN_DIRECT_OBJC_ISA_USAGE = YES_ERROR;
				CLANG_WARN_DOCUMENTATION_COMMENTS = YES;
				CLANG_WARN_EMPTY_BODY = YES;
				CLANG_WARN_ENUM_CONVERSION = YES;
				CLANG_WARN_INFINITE_RECURSION = YES;
				CLANG_WARN_INT_CONVERSION = YES;
				CLANG_WARN_NON_LITERAL_NULL_CONVERSION = YES;
				CLANG_WARN_OBJC_IMPLICIT_RETAIN_SELF = YES;
				CLANG_WARN_OBJC_LITERAL_CONVERSION = YES;
				CLANG_WARN_OBJC_ROOT_CLASS = YES_ERROR;
				CLANG_WARN_QUOTED_INCLUDE_IN_FRAMEWORK_HEADER = YES;
				CLANG_WARN_RANGE_LOOP_ANALYSIS = YES;
				CLANG_WARN_STRICT_PROTOTYPES = YES;
				CLANG_WARN_SUSPICIOUS_MOVE = YES;
				CLANG_WARN_UNGUARDED_AVAILABILITY = YES_AGGRESSIVE;
				CLANG_WARN_UNREACHABLE_CODE = YES;
				CLANG_WARN__DUPLICATE_METHOD_MATCH = YES;
				COPY_PHASE_STRIP = NO;
				DEBUG_INFORMATION_FORMAT = "dwarf-with-dsym";
				ENABLE_NS_ASSERTIONS = NO;
				ENABLE_STRICT_OBJC_MSGSEND = YES;
				GCC_C_LANGUAGE_STANDARD = gnu11;
				GCC_NO_COMMON_BLOCKS = YES;
				GCC_WARN_64_TO_32_BIT_CONVERSION = YES;
				GCC_WARN_ABOUT_RETURN_TYPE = YES_ERROR;
				GCC_WARN_UNDECLARED_SELECTOR = YES;
				GCC_WARN_UNINITIALIZED_AUTOS = YES_AGGRESSIVE;
				GCC_WARN_UNUSED_FUNCTION = YES;
				GCC_WARN_UNUSED_VARIABLE = YES;
				IPHONEOS_DEPLOYMENT_TARGET = 14.0;
				MTL_ENABLE_DEBUG_INFO = NO;
				MTL_FAST_MATH = YES;
				SDKROOT = iphoneos;
				SWIFT_COMPILATION_MODE = wholemodule;
				SWIFT_OPTIMIZATION_LEVEL = "-O";
				VALIDATE_PRODUCT = YES;
			};
			name = Release;
		};
		39CAF81525214FC000290F19 /* Debug */ = {
			isa = XCBuildConfiguration;
			buildSettings = {
				ASSETCATALOG_COMPILER_APPICON_NAME = AppIcon;
				ASSETCATALOG_COMPILER_GLOBAL_ACCENT_COLOR_NAME = AccentColor;
				CODE_SIGN_STYLE = Automatic;
				DEVELOPMENT_TEAM = B9C2NZB554;
				INFOPLIST_FILE = YoutubeApplication/Info.plist;
				LD_RUNPATH_SEARCH_PATHS = (
					"$(inherited)",
					"@executable_path/Frameworks",
				);
				PRODUCT_BUNDLE_IDENTIFIER = come.nextgendigitallabs.YoutubeApplication;
				PRODUCT_NAME = "$(TARGET_NAME)";
				SWIFT_VERSION = 5.0;
				TARGETED_DEVICE_FAMILY = "1,2";
			};
			name = Debug;
		};
		39CAF81625214FC000290F19 /* Release */ = {
			isa = XCBuildConfiguration;
			buildSettings = {
				ASSETCATALOG_COMPILER_APPICON_NAME = AppIcon;
				ASSETCATALOG_COMPILER_GLOBAL_ACCENT_COLOR_NAME = AccentColor;
				CODE_SIGN_STYLE = Automatic;
				DEVELOPMENT_TEAM = B9C2NZB554;
				INFOPLIST_FILE = YoutubeApplication/Info.plist;
				LD_RUNPATH_SEARCH_PATHS = (
					"$(inherited)",
					"@executable_path/Frameworks",
				);
				PRODUCT_BUNDLE_IDENTIFIER = come.nextgendigitallabs.YoutubeApplication;
				PRODUCT_NAME = "$(TARGET_NAME)";
				SWIFT_VERSION = 5.0;
				TARGETED_DEVICE_FAMILY = "1,2";
			};
			name = Release;
		};
/* End XCBuildConfiguration section */

/* Begin XCConfigurationList section */
		39CAF7FB25214FBE00290F19 /* Build configuration list for PBXProject "YoutubeApplication" */ = {
			isa = XCConfigurationList;
			buildConfigurations = (
				39CAF81225214FC000290F19 /* Debug */,
				39CAF81325214FC000290F19 /* Release */,
			);
			defaultConfigurationIsVisible = 0;
			defaultConfigurationName = Release;
		};
		39CAF81425214FC000290F19 /* Build configuration list for PBXNativeTarget "YoutubeApplication" */ = {
			isa = XCConfigurationList;
			buildConfigurations = (
				39CAF81525214FC000290F19 /* Debug */,
				39CAF81625214FC000290F19 /* Release */,
			);
			defaultConfigurationIsVisible = 0;
			defaultConfigurationName = Release;
		};
/* End XCConfigurationList section */
	};
	rootObject = 39CAF7F825214FBE00290F19 /* Project object */;
}
